Microsoft Visual Studio Solution File, Format Version 12.00
# Visual Studio Version 17
VisualStudioVersion = 17.5.2.0
MinimumVisualStudioVersion = 10.0.40219.1
Project("{FAE04EC0-301F-11D3-BF4B-00C04F79EFBC}") = "PortalPowerBI", "PortalPowerBI.csproj", "{D9D6ADD4-14C3-D8C2-938D-559D7E25EBAC}"
EndProject
Global
	GlobalSection(SolutionConfigurationPlatforms) = preSolution
		Debug|Any CPU = Debug|Any CPU
		Release|Any CPU = Release|Any CPU
	EndGlobalSection
	GlobalSection(ProjectConfigurationPlatforms) = postSolution
		{D9D6ADD4-14C3-D8C2-938D-559D7E25EBAC}.Debug|Any CPU.ActiveCfg = Debug|Any CPU
		{D9D6ADD4-14C3-D8C2-938D-559D7E25EBAC}.Debug|Any CPU.Build.0 = Debug|Any CPU
		{D9D6ADD4-14C3-D8C2-938D-559D7E25EBAC}.Release|Any CPU.ActiveCfg = Release|Any CPU
		{D9D6ADD4-14C3-D8C2-938D-559D7E25EBAC}.Release|Any CPU.Build.0 = Release|Any CPU
	EndGlobalSection
	GlobalSection(SolutionProperties) = preSolution
		HideSolutionNode = FALSE
	EndGlobalSection
	GlobalSection(ExtensibilityGlobals) = postSolution
		SolutionGuid = {47CFCD97-4534-4488-B26E-D54846BC97E4}
	EndGlobalSection
EndGlobal
